
Microsoft Visual Studio Solution File, Format Version 12.00
# Visual Studio Version 16
VisualStudioVersion = 16.0.29215.179
MinimumVisualStudioVersion = 10.0.40219.1
Project("{9A19103F-16F7-4668-BE54-9A1E7A4F7556}") = "FlightBooking.Search.API", "src\FlightBooking.Search.API\FlightBooking.Search.API.csproj", "{53E0F60D-A470-449E-861E-6FBC3B2062ED}"
EndProject
Project("{9A19103F-16F7-4668-BE54-9A1E7A4F7556}") = "FlightBooking.Search.API.IntegrationTests", "tests\FlightBooking.Search.API.IntegrationTests\FlightBooking.Search.API.IntegrationTests.csproj", "{FDF943B2-79C2-41CD-8BA4-BC8038AA7644}"
EndProject
Project("{9A19103F-16F7-4668-BE54-9A1E7A4F7556}") = "FlightBooking.Search.Core", "src\FlightBooking.Search.Core\FlightBooking.Search.Core.csproj", "{E0EE0EA5-71B1-4D95-A843-54B1D5AAF062}"
EndProject
Project("{9A19103F-16F7-4668-BE54-9A1E7A4F7556}") = "FlightBooking.Search.Core.Tests", "tests\FlightBooking.Search.Core.Tests\FlightBooking.Search.Core.Tests.csproj", "{97AA7BC2-8A26-41F6-8DA6-6D0840906B4D}"
EndProject
Global
	GlobalSection(SolutionConfigurationPlatforms) = preSolution
		Debug|Any CPU = Debug|Any CPU
		Release|Any CPU = Release|Any CPU
	EndGlobalSection
	GlobalSection(ProjectConfigurationPlatforms) = postSolution
		{53E0F60D-A470-449E-861E-6FBC3B2062ED}.Debug|Any CPU.ActiveCfg = Debug|Any CPU
		{53E0F60D-A470-449E-861E-6FBC3B2062ED}.Debug|Any CPU.Build.0 = Debug|Any CPU
		{53E0F60D-A470-449E-861E-6FBC3B2062ED}.Release|Any CPU.ActiveCfg = Release|Any CPU
		{53E0F60D-A470-449E-861E-6FBC3B2062ED}.Release|Any CPU.Build.0 = Release|Any CPU
		{FDF943B2-79C2-41CD-8BA4-BC8038AA7644}.Debug|Any CPU.ActiveCfg = Debug|Any CPU
		{FDF943B2-79C2-41CD-8BA4-BC8038AA7644}.Debug|Any CPU.Build.0 = Debug|Any CPU
		{FDF943B2-79C2-41CD-8BA4-BC8038AA7644}.Release|Any CPU.ActiveCfg = Release|Any CPU
		{FDF943B2-79C2-41CD-8BA4-BC8038AA7644}.Release|Any CPU.Build.0 = Release|Any CPU
		{E0EE0EA5-71B1-4D95-A843-54B1D5AAF062}.Debug|Any CPU.ActiveCfg = Debug|Any CPU
		{E0EE0EA5-71B1-4D95-A843-54B1D5AAF062}.Debug|Any CPU.Build.0 = Debug|Any CPU
		{E0EE0EA5-71B1-4D95-A843-54B1D5AAF062}.Release|Any CPU.ActiveCfg = Release|Any CPU
		{E0EE0EA5-71B1-4D95-A843-54B1D5AAF062}.Release|Any CPU.Build.0 = Release|Any CPU
		{97AA7BC2-8A26-41F6-8DA6-6D0840906B4D}.Debug|Any CPU.ActiveCfg = Debug|Any CPU
		{97AA7BC2-8A26-41F6-8DA6-6D0840906B4D}.Debug|Any CPU.Build.0 = Debug|Any CPU
		{97AA7BC2-8A26-41F6-8DA6-6D0840906B4D}.Release|Any CPU.ActiveCfg = Release|Any CPU
		{97AA7BC2-8A26-41F6-8DA6-6D0840906B4D}.Release|Any CPU.Build.0 = Release|Any CPU
	EndGlobalSection
	GlobalSection(SolutionProperties) = preSolution
		HideSolutionNode = FALSE
	EndGlobalSection
	GlobalSection(ExtensibilityGlobals) = postSolution
		SolutionGuid = {4DE19CFF-50CE-471D-84C3-F2C926E871E1}
	EndGlobalSection
EndGlobal
